// !$*UTF8*$!
{
	archiveVersion = 1;
	classes = {
	};
	objectVersion = 56;
	objects = {

/* Begin PBXBuildFile section */
		2F9445D928FF7A3D00C88A86 /* CustomTabBarView.swift in Sources */ = {isa = PBXBuildFile; fileRef = 2F9445D828FF7A3D00C88A86 /* CustomTabBarView.swift */; };
		2F9445DB28FF8CA500C88A86 /* CustomTabBarContainerView.swift in Sources */ = {isa = PBXBuildFile; fileRef = 2F9445DA28FF8CA500C88A86 /* CustomTabBarContainerView.swift */; };
		2F9445DD28FF92D200C88A86 /* TabBarItemsPreferenceKey.swift in Sources */ = {isa = PBXBuildFile; fileRef = 2F9445DC28FF92D200C88A86 /* TabBarItemsPreferenceKey.swift */; };
		2F9445DF29006A6900C88A86 /* TabBarItem.swift in Sources */ = {isa = PBXBuildFile; fileRef = 2F9445DE29006A6900C88A86 /* TabBarItem.swift */; };
		2FFAFC6328FA18A800575B03 /* TaskManagerApp.swift in Sources */ = {isa = PBXBuildFile; fileRef = 2FFAFC6228FA18A800575B03 /* TaskManagerApp.swift */; };
		2FFAFC6528FA18A800575B03 /* ContentView.swift in Sources */ = {isa = PBXBuildFile; fileRef = 2FFAFC6428FA18A800575B03 /* ContentView.swift */; };
		2FFAFC6728FA18AA00575B03 /* Assets.xcassets in Resources */ = {isa = PBXBuildFile; fileRef = 2FFAFC6628FA18AA00575B03 /* Assets.xcassets */; };
		2FFAFC6A28FA18AA00575B03 /* Preview Assets.xcassets in Resources */ = {isa = PBXBuildFile; fileRef = 2FFAFC6928FA18AA00575B03 /* Preview Assets.xcassets */; };
		2FFAFC6C28FA18AA00575B03 /* Persistence.swift in Sources */ = {isa = PBXBuildFile; fileRef = 2FFAFC6B28FA18AA00575B03 /* Persistence.swift */; };
		2FFAFC6F28FA18AA00575B03 /* TaskManager.xcdatamodeld in Sources */ = {isa = PBXBuildFile; fileRef = 2FFAFC6D28FA18AA00575B03 /* TaskManager.xcdatamodeld */; };
		2FFAFC7628FA19DA00575B03 /* EditTaskView.swift in Sources */ = {isa = PBXBuildFile; fileRef = 2FFAFC7528FA19DA00575B03 /* EditTaskView.swift */; };
		2FFAFC7828FC9E3F00575B03 /* AddTaskView.swift in Sources */ = {isa = PBXBuildFile; fileRef = 2FFAFC7728FC9E3F00575B03 /* AddTaskView.swift */; };
		2FFAFC7A28FCA05C00575B03 /* TaskViewModel.swift in Sources */ = {isa = PBXBuildFile; fileRef = 2FFAFC7928FCA05C00575B03 /* TaskViewModel.swift */; };
/* End PBXBuildFile section */

/* Begin PBXFileReference section */
		2F9445D828FF7A3D00C88A86 /* CustomTabBarView.swift */ = {isa = PBXFileReference; lastKnownFileType = sourcecode.swift; path = CustomTabBarView.swift; sourceTree = "<group>"; };
		2F9445DA28FF8CA500C88A86 /* CustomTabBarContainerView.swift */ = {isa = PBXFileReference; lastKnownFileType = sourcecode.swift; path = CustomTabBarContainerView.swift; sourceTree = "<group>"; };
		2F9445DC28FF92D200C88A86 /* TabBarItemsPreferenceKey.swift */ = {isa = PBXFileReference; lastKnownFileType = sourcecode.swift; path = TabBarItemsPreferenceKey.swift; sourceTree = "<group>"; };
		2F9445DE29006A6900C88A86 /* TabBarItem.swift */ = {isa = PBXFileReference; lastKnownFileType = sourcecode.swift; path = TabBarItem.swift; sourceTree = "<group>"; };
		2FFAFC5F28FA18A800575B03 /* TaskManager.app */ = {isa = PBXFileReference; explicitFileType = wrapper.application; includeInIndex = 0; path = TaskManager.app; sourceTree = BUILT_PRODUCTS_DIR; };
		2FFAFC6228FA18A800575B03 /* TaskManagerApp.swift */ = {isa = PBXFileReference; lastKnownFileType = sourcecode.swift; path = TaskManagerApp.swift; sourceTree = "<group>"; };
		2FFAFC6428FA18A800575B03 /* ContentView.swift */ = {isa = PBXFileReference; lastKnownFileType = sourcecode.swift; path = ContentView.swift; sourceTree = "<group>"; };
		2FFAFC6628FA18AA00575B03 /* Assets.xcassets */ = {isa = PBXFileReference; lastKnownFileType = folder.assetcatalog; path = Assets.xcassets; sourceTree = "<group>"; };
		2FFAFC6928FA18AA00575B03 /* Preview Assets.xcassets */ = {isa = PBXFileReference; lastKnownFileType = folder.assetcatalog; path = "Preview Assets.xcassets"; sourceTree = "<group>"; };
		2FFAFC6B28FA18AA00575B03 /* Persistence.swift */ = {isa = PBXFileReference; lastKnownFileType = sourcecode.swift; path = Persistence.swift; sourceTree = "<group>"; };
		2FFAFC6E28FA18AA00575B03 /* TaskManager.xcdatamodel */ = {isa = PBXFileReference; lastKnownFileType = wrapper.xcdatamodel; path = TaskManager.xcdatamodel; sourceTree = "<group>"; };
		2FFAFC7528FA19DA00575B03 /* EditTaskView.swift */ = {isa = PBXFileReference; lastKnownFileType = sourcecode.swift; path = EditTaskView.swift; sourceTree = "<group>"; };
		2FFAFC7728FC9E3F00575B03 /* AddTaskView.swift */ = {isa = PBXFileReference; lastKnownFileType = sourcecode.swift; path = AddTaskView.swift; sourceTree = "<group>"; };
		2FFAFC7928FCA05C00575B03 /* TaskViewModel.swift */ = {isa = PBXFileReference; lastKnownFileType = sourcecode.swift; path = TaskViewModel.swift; sourceTree = "<group>"; };
/* End PBXFileReference section */

/* Begin PBXFrameworksBuildPhase section */
		2FFAFC5C28FA18A800575B03 /* Frameworks */ = {
			isa = PBXFrameworksBuildPhase;
			buildActionMask = 2147483647;
			files = (
			);
			runOnlyForDeploymentPostprocessing = 0;
		};
/* End PBXFrameworksBuildPhase section */

/* Begin PBXGroup section */
		2FFAFC5628FA18A800575B03 = {
			isa = PBXGroup;
			children = (
				2FFAFC6128FA18A800575B03 /* TaskManager */,
				2FFAFC6028FA18A800575B03 /* Products */,
			);
			sourceTree = "<group>";
		};
		2FFAFC6028FA18A800575B03 /* Products */ = {
			isa = PBXGroup;
			children = (
				2FFAFC5F28FA18A800575B03 /* TaskManager.app */,
			);
			name = Products;
			sourceTree = "<group>";
		};
		2FFAFC6128FA18A800575B03 /* TaskManager */ = {
			isa = PBXGroup;
			children = (
				2FFAFC6228FA18A800575B03 /* TaskManagerApp.swift */,
				2FFAFC6428FA18A800575B03 /* ContentView.swift */,
				2FFAFC7528FA19DA00575B03 /* EditTaskView.swift */,
				2FFAFC7928FCA05C00575B03 /* TaskViewModel.swift */,
				2FFAFC6628FA18AA00575B03 /* Assets.xcassets */,
				2FFAFC6B28FA18AA00575B03 /* Persistence.swift */,
				2FFAFC6D28FA18AA00575B03 /* TaskManager.xcdatamodeld */,
				2FFAFC6828FA18AA00575B03 /* Preview Content */,
				2FFAFC7728FC9E3F00575B03 /* AddTaskView.swift */,
				2F9445D828FF7A3D00C88A86 /* CustomTabBarView.swift */,
				2F9445DA28FF8CA500C88A86 /* CustomTabBarContainerView.swift */,
				2F9445DC28FF92D200C88A86 /* TabBarItemsPreferenceKey.swift */,
				2F9445DE29006A6900C88A86 /* TabBarItem.swift */,
			);
			path = TaskManager;
			sourceTree = "<group>";
		};
		2FFAFC6828FA18AA00575B03 /* Preview Content */ = {
			isa = PBXGroup;
			children = (
				2FFAFC6928FA18AA00575B03 /* Preview Assets.xcassets */,
			);
			path = "Preview Content";
			sourceTree = "<group>";
		};
/* End PBXGroup section */

/* Begin PBXNativeTarget section */
		2FFAFC5E28FA18A800575B03 /* TaskManager */ = {
			isa = PBXNativeTarget;
			buildConfigurationList = 2FFAFC7228FA18AA00575B03 /* Build configuration list for PBXNativeTarget "TaskManager" */;
			buildPhases = (
				2FFAFC5B28FA18A800575B03 /* Sources */,
				2FFAFC5C28FA18A800575B03 /* Frameworks */,
				2FFAFC5D28FA18A800575B03 /* Resources */,
			);
			buildRules = (
			);
			dependencies = (
			);
			name = TaskManager;
			productName = TaskManager;
			productReference = 2FFAFC5F28FA18A800575B03 /* TaskManager.app */;
			productType = "com.apple.product-type.application";
		};
/* End PBXNativeTarget section */

/* Begin PBXProject section */
		2FFAFC5728FA18A800575B03 /* Project object */ = {
			isa = PBXProject;
			attributes = {
				BuildIndependentTargetsInParallel = 1;
				LastSwiftUpdateCheck = 1400;
				LastUpgradeCheck = 1400;
				TargetAttributes = {
					2FFAFC5E28FA18A800575B03 = {
						CreatedOnToolsVersion = 14.0.1;
					};
				};
			};
			buildConfigurationList = 2FFAFC5A28FA18A800575B03 /* Build configuration list for PBXProject "TaskManager" */;
			compatibilityVersion = "Xcode 14.0";
			developmentRegion = en;
			hasScannedForEncodings = 0;
			knownRegions = (
				en,
				Base,
			);
			mainGroup = 2FFAFC5628FA18A800575B03;
			productRefGroup = 2FFAFC6028FA18A800575B03 /* Products */;
			projectDirPath = "";
			projectRoot = "";
			targets = (
				2FFAFC5E28FA18A800575B03 /* TaskManager */,
			);
		};
/* End PBXProject section */

/* Begin PBXResourcesBuildPhase section */
		2FFAFC5D28FA18A800575B03 /* Resources */ = {
			isa = PBXResourcesBuildPhase;
			buildActionMask = 2147483647;
			files = (
				2FFAFC6A28FA18AA00575B03 /* Preview Assets.xcassets in Resources */,
				2FFAFC6728FA18AA00575B03 /* Assets.xcassets in Resources */,
			);
			runOnlyForDeploymentPostprocessing = 0;
		};
/* End PBXResourcesBuildPhase section */

/* Begin PBXSourcesBuildPhase section */
		2FFAFC5B28FA18A800575B03 /* Sources */ = {
			isa = PBXSourcesBuildPhase;
			buildActionMask = 2147483647;
			files = (
				2FFAFC6C28FA18AA00575B03 /* Persistence.swift in Sources */,
				2FFAFC7A28FCA05C00575B03 /* TaskViewModel.swift in Sources */,
				2FFAFC6528FA18A800575B03 /* ContentView.swift in Sources */,
				2F9445D928FF7A3D00C88A86 /* CustomTabBarView.swift in Sources */,
				2F9445DF29006A6900C88A86 /* TabBarItem.swift in Sources */,
				2F9445DB28FF8CA500C88A86 /* CustomTabBarContainerView.swift in Sources */,
				2FFAFC6F28FA18AA00575B03 /* TaskManager.xcdatamodeld in Sources */,
				2FFAFC7828FC9E3F00575B03 /* AddTaskView.swift in Sources */,
				2FFAFC6328FA18A800575B03 /* TaskManagerApp.swift in Sources */,
				2FFAFC7628FA19DA00575B03 /* EditTaskView.swift in Sources */,
				2F9445DD28FF92D200C88A86 /* TabBarItemsPreferenceKey.swift in Sources */,
			);
			runOnlyForDeploymentPostprocessing = 0;
		};
/* End PBXSourcesBuildPhase section */

/* Begin XCBuildConfiguration section */
		2FFAFC7028FA18AA00575B03 /* Debug */ = {
			isa = XCBuildConfiguration;
			buildSettings = {
				ALWAYS_SEARCH_USER_PATHS = NO;
				CLANG_ANALYZER_NONNULL = YES;
				CLANG_ANALYZER_NUMBER_OBJECT_CONVERSION = YES_AGGRESSIVE;
				CLANG_CXX_LANGUAGE_STANDARD = "gnu++20";
				CLANG_ENABLE_MODULES = YES;
				CLANG_ENABLE_OBJC_ARC = YES;
				CLANG_ENABLE_OBJC_WEAK = YES;
				CLANG_WARN_BLOCK_CAPTURE_AUTORELEASING = YES;
				CLANG_WARN_BOOL_CONVERSION = YES;
				CLANG_WARN_COMMA = YES;
				CLANG_WARN_CONSTANT_CONVERSION = YES;
				CLANG_WARN_DEPRECATED_OBJC_IMPLEMENTATIONS = YES;
				CLANG_WARN_DIRECT_OBJC_ISA_USAGE = YES_ERROR;
				CLANG_WARN_DOCUMENTATION_COMMENTS = YES;
				CLANG_WARN_EMPTY_BODY = YES;
				CLANG_WARN_ENUM_CONVERSION = YES;
				CLANG_WARN_INFINITE_RECURSION = YES;
				CLANG_WARN_INT_CONVERSION = YES;
				CLANG_WARN_NON_LITERAL_NULL_CONVERSION = YES;
				CLANG_WARN_OBJC_IMPLICIT_RETAIN_SELF = YES;
				CLANG_WARN_OBJC_LITERAL_CONVERSION = YES;
				CLANG_WARN_OBJC_ROOT_CLASS = YES_ERROR;
				CLANG_WARN_QUOTED_INCLUDE_IN_FRAMEWORK_HEADER = YES;
				CLANG_WARN_RANGE_LOOP_ANALYSIS = YES;
				CLANG_WARN_STRICT_PROTOTYPES = YES;
				CLANG_WARN_SUSPICIOUS_MOVE = YES;
				CLANG_WARN_UNGUARDED_AVAILABILITY = YES_AGGRESSIVE;
				CLANG_WARN_UNREACHABLE_CODE = YES;
				CLANG_WARN__DUPLICATE_METHOD_MATCH = YES;
				COPY_PHASE_STRIP = NO;
				DEBUG_INFORMATION_FORMAT = dwarf;
				ENABLE_STRICT_OBJC_MSGSEND = YES;
				ENABLE_TESTABILITY = YES;
				GCC_C_LANGUAGE_STANDARD = gnu11;
				GCC_DYNAMIC_NO_PIC = NO;
				GCC_NO_COMMON_BLOCKS = YES;
				GCC_OPTIMIZATION_LEVEL = 0;
				GCC_PREPROCESSOR_DEFINITIONS = (
					"DEBUG=1",
					"$(inherited)",
				);
				GCC_WARN_64_TO_32_BIT_CONVERSION = YES;
				GCC_WARN_ABOUT_RETURN_TYPE = YES_ERROR;
				GCC_WARN_UNDECLARED_SELECTOR = YES;
				GCC_WARN_UNINITIALIZED_AUTOS = YES_AGGRESSIVE;
				GCC_WARN_UNUSED_FUNCTION = YES;
				GCC_WARN_UNUSED_VARIABLE = YES;
				IPHONEOS_DEPLOYMENT_TARGET = 16.0;
				MTL_ENABLE_DEBUG_INFO = INCLUDE_SOURCE;
				MTL_FAST_MATH = YES;
				ONLY_ACTIVE_ARCH = YES;
				SDKROOT = iphoneos;
				SWIFT_ACTIVE_COMPILATION_CONDITIONS = DEBUG;
				SWIFT_OPTIMIZATION_LEVEL = "-Onone";
			};
			name = Debug;
		};
		2FFAFC7128FA18AA00575B03 /* Release */ = {
			isa = XCBuildConfiguration;
			buildSettings = {
				ALWAYS_SEARCH_USER_PATHS = NO;
				CLANG_ANALYZER_NONNULL = YES;
				CLANG_ANALYZER_NUMBER_OBJECT_CONVERSION = YES_AGGRESSIVE;
				CLANG_CXX_LANGUAGE_STANDARD = "gnu++20";
				CLANG_ENABLE_MODULES = YES;
				CLANG_ENABLE_OBJC_ARC = YES;
				CLANG_ENABLE_OBJC_WEAK = YES;
				CLANG_WARN_BLOCK_CAPTURE_AUTORELEASING = YES;
				CLANG_WARN_BOOL_CONVERSION = YES;
				CLANG_WARN_COMMA = YES;
				CLANG_WARN_CONSTANT_CONVERSION = YES;
				CLANG_WARN_DEPRECATED_OBJC_IMPLEMENTATIONS = YES;
				CLANG_WARN_DIRECT_OBJC_ISA_USAGE = YES_ERROR;
				CLANG_WARN_DOCUMENTATION_COMMENTS = YES;
				CLANG_WARN_EMPTY_BODY = YES;
				CLANG_WARN_ENUM_CONVERSION = YES;
				CLANG_WARN_INFINITE_RECURSION = YES;
				CLANG_WARN_INT_CONVERSION = YES;
				CLANG_WARN_NON_LITERAL_NULL_CONVERSION = YES;
				CLANG_WARN_OBJC_IMPLICIT_RETAIN_SELF = YES;
				CLANG_WARN_OBJC_LITERAL_CONVERSION = YES;
				CLANG_WARN_OBJC_ROOT_CLASS = YES_ERROR;
				CLANG_WARN_QUOTED_INCLUDE_IN_FRAMEWORK_HEADER = YES;
				CLANG_WARN_RANGE_LOOP_ANALYSIS = YES;
				CLANG_WARN_STRICT_PROTOTYPES = YES;
				CLANG_WARN_SUSPICIOUS_MOVE = YES;
				CLANG_WARN_UNGUARDED_AVAILABILITY = YES_AGGRESSIVE;
				CLANG_WARN_UNREACHABLE_CODE = YES;
				CLANG_WARN__DUPLICATE_METHOD_MATCH = YES;
				COPY_PHASE_STRIP = NO;
				DEBUG_INFORMATION_FORMAT = "dwarf-with-dsym";
				ENABLE_NS_ASSERTIONS = NO;
				ENABLE_STRICT_OBJC_MSGSEND = YES;
				GCC_C_LANGUAGE_STANDARD = gnu11;
				GCC_NO_COMMON_BLOCKS = YES;
				GCC_WARN_64_TO_32_BIT_CONVERSION = YES;
				GCC_WARN_ABOUT_RETURN_TYPE = YES_ERROR;
				GCC_WARN_UNDECLARED_SELECTOR = YES;
				GCC_WARN_UNINITIALIZED_AUTOS = YES_AGGRESSIVE;
				GCC_WARN_UNUSED_FUNCTION = YES;
				GCC_WARN_UNUSED_VARIABLE = YES;
				IPHONEOS_DEPLOYMENT_TARGET = 16.0;
				MTL_ENABLE_DEBUG_INFO = NO;
				MTL_FAST_MATH = YES;
				SDKROOT = iphoneos;
				SWIFT_COMPILATION_MODE = wholemodule;
				SWIFT_OPTIMIZATION_LEVEL = "-O";
				VALIDATE_PRODUCT = YES;
			};
			name = Release;
		};
		2FFAFC7328FA18AA00575B03 /* Debug */ = {
			isa = XCBuildConfiguration;
			buildSettings = {
				ASSETCATALOG_COMPILER_APPICON_NAME = AppIcon;
				ASSETCATALOG_COMPILER_GLOBAL_ACCENT_COLOR_NAME = AccentColor;
				CODE_SIGN_STYLE = Automatic;
				CURRENT_PROJECT_VERSION = 1;
				DEVELOPMENT_ASSET_PATHS = "\"TaskManager/Preview Content\"";
				DEVELOPMENT_TEAM = 75W5X6N6SL;
				ENABLE_PREVIEWS = YES;
				GENERATE_INFOPLIST_FILE = YES;
				INFOPLIST_KEY_UIApplicationSceneManifest_Generation = YES;
				INFOPLIST_KEY_UIApplicationSupportsIndirectInputEvents = YES;
				INFOPLIST_KEY_UILaunchScreen_Generation = YES;
				INFOPLIST_KEY_UISupportedInterfaceOrientations_iPad = "UIInterfaceOrientationPortrait UIInterfaceOrientationPortraitUpsideDown UIInterfaceOrientationLandscapeLeft UIInterfaceOrientationLandscapeRight";
				INFOPLIST_KEY_UISupportedInterfaceOrientations_iPhone = "UIInterfaceOrientationPortrait UIInterfaceOrientationLandscapeLeft UIInterfaceOrientationLandscapeRight";
				LD_RUNPATH_SEARCH_PATHS = (
					"$(inherited)",
					"@executable_path/Frameworks",
				);
				MARKETING_VERSION = 1.0;
				PRODUCT_BUNDLE_IDENTIFIER = com.tylerdev.TaskManager;
				PRODUCT_NAME = "$(TARGET_NAME)";
				SWIFT_EMIT_LOC_STRINGS = YES;
				SWIFT_VERSION = 5.0;
				TARGETED_DEVICE_FAMILY = "1,2";
			};
			name = Debug;
		};
		2FFAFC7428FA18AA00575B03 /* Release */ = {
			isa = XCBuildConfiguration;
			buildSettings = {
				ASSETCATALOG_COMPILER_APPICON_NAME = AppIcon;
				ASSETCATALOG_COMPILER_GLOBAL_ACCENT_COLOR_NAME = AccentColor;
				CODE_SIGN_STYLE = Automatic;
				CURRENT_PROJECT_VERSION = 1;
				DEVELOPMENT_ASSET_PATHS = "\"TaskManager/Preview Content\"";
				DEVELOPMENT_TEAM = 75W5X6N6SL;
				ENABLE_PREVIEWS = YES;
				GENERATE_INFOPLIST_FILE = YES;
				INFOPLIST_KEY_UIApplicationSceneManifest_Generation = YES;
				INFOPLIST_KEY_UIApplicationSupportsIndirectInputEvents = YES;
				INFOPLIST_KEY_UILaunchScreen_Generation = YES;
				INFOPLIST_KEY_UISupportedInterfaceOrientations_iPad = "UIInterfaceOrientationPortrait UIInterfaceOrientationPortraitUpsideDown UIInterfaceOrientationLandscapeLeft UIInterfaceOrientationLandscapeRight";
				INFOPLIST_KEY_UISupportedInterfaceOrientations_iPhone = "UIInterfaceOrientationPortrait UIInterfaceOrientationLandscapeLeft UIInterfaceOrientationLandscapeRight";
				LD_RUNPATH_SEARCH_PATHS = (
					"$(inherited)",
					"@executable_path/Frameworks",
				);
				MARKETING_VERSION = 1.0;
				PRODUCT_BUNDLE_IDENTIFIER = com.tylerdev.TaskManager;
				PRODUCT_NAME = "$(TARGET_NAME)";
				SWIFT_EMIT_LOC_STRINGS = YES;
				SWIFT_VERSION = 5.0;
				TARGETED_DEVICE_FAMILY = "1,2";
			};
			name = Release;
		};
/* End XCBuildConfiguration section */

/* Begin XCConfigurationList section */
		2FFAFC5A28FA18A800575B03 /* Build configuration list for PBXProject "TaskManager" */ = {
			isa = XCConfigurationList;
			buildConfigurations = (
				2FFAFC7028FA18AA00575B03 /* Debug */,
				2FFAFC7128FA18AA00575B03 /* Release */,
			);
			defaultConfigurationIsVisible = 0;
			defaultConfigurationName = Release;
		};
		2FFAFC7228FA18AA00575B03 /* Build configuration list for PBXNativeTarget "TaskManager" */ = {
			isa = XCConfigurationList;
			buildConfigurations = (
				2FFAFC7328FA18AA00575B03 /* Debug */,
				2FFAFC7428FA18AA00575B03 /* Release */,
			);
			defaultConfigurationIsVisible = 0;
			defaultConfigurationName = Release;
		};
/* End XCConfigurationList section */

/* Begin XCVersionGroup section */
		2FFAFC6D28FA18AA00575B03 /* TaskManager.xcdatamodeld */ = {
			isa = XCVersionGroup;
			children = (
				2FFAFC6E28FA18AA00575B03 /* TaskManager.xcdatamodel */,
			);
			currentVersion = 2FFAFC6E28FA18AA00575B03 /* TaskManager.xcdatamodel */;
			path = TaskManager.xcdatamodeld;
			sourceTree = "<group>";
			versionGroupType = wrapper.xcdatamodel;
		};
/* End XCVersionGroup section */
	};
	rootObject = 2FFAFC5728FA18A800575B03 /* Project object */;
}
